{
  "name": "Cart - Multi Category E-Commerce Platform",
  "lockfileVersion": 3,
  "requires": true,
  "packages": {
    "": {
      "name": "Cart - Multi Category E-Commerce Platform",
      "dependencies": {
        "ip-address": "^10.1.1"
      }
    },
    "node_modules/ip-address": {
      "version": "10.1.1",
      "resolved": "https://registry.npmjs.org/ip-address/-/ip-address-10.1.1.tgz",
      "integrity": "sha512-1FMu8/N15Ck1BL551Jf42NYIoin2unWjLQ2Fze/DXryJRl5twqtwNHlO39qERGbIOcKYWHdgRryhOC+NG4eaLw==",
      "license": "MIT",
      "engines": {
        "node": ">= 12"
      }
    }
  }
}
